
Microsoft Visual Studio Solution File, Format Version 12.00
# Visual Studio Version 16
VisualStudioVersion = 16.0.30204.135
MinimumVisualStudioVersion = 10.0.40219.1
Project("{8BC9CEB8-8B4A-11D0-8D11-00A0C91BC942}") = "Lista 1", "Lista 1\Lista 1.vcxproj", "{80F7C0DC-775D-4A86-AB5F-FFF611315EA6}"
EndProject
Project("{2150E333-8FDC-42A3-9474-1A3956D46DE8}") = "Lista 2", "Lista 2", "{818526D2-A9F5-406F-BFD6-48D336B7BFB9}"
EndProject
Project("{8BC9CEB8-8B4A-11D0-8D11-00A0C91BC942}") = "Lista 2_01", "Lista 2\Lista 2_01\Lista 2_01.vcxproj", "{416AE025-BF73-49C8-8E01-4E086C8A50F3}"
EndProject
Project("{8BC9CEB8-8B4A-11D0-8D11-00A0C91BC942}") = "Lista 2_02", "Lista 2\Lista 2_02\Lista 2_02.vcxproj", "{C68BF20B-C322-4E72-B8B8-E70C56A27E45}"
EndProject
Project("{8BC9CEB8-8B4A-11D0-8D11-00A0C91BC942}") = "Lista 2_03", "Lista 2\Lista 2_03\Lista 2_03.vcxproj", "{EAEBC333-4E4E-4EAD-9AA4-15355959750B}"
EndProject
Project("{8BC9CEB8-8B4A-11D0-8D11-00A0C91BC942}") = "Lista 2_04", "Lista 2\Lista 2_04\Lista 2_04.vcxproj", "{A80DB800-BBCE-4805-83CB-9A9E7A98AF62}"
EndProject
Project("{8BC9CEB8-8B4A-11D0-8D11-00A0C91BC942}") = "Lista 2_05", "Lista 2\Lista 2_05\Lista 2_05.vcxproj", "{B565929F-7BE7-4AB6-9815-FC300BB29287}"
EndProject
Project("{8BC9CEB8-8B4A-11D0-8D11-00A0C91BC942}") = "Lista 2_06", "Lista 2\Lista 2_06\Lista 2_06.vcxproj", "{3A8E0D27-EB52-411D-A66A-8366C0638191}"
EndProject
Project("{8BC9CEB8-8B4A-11D0-8D11-00A0C91BC942}") = "Lista 2_07", "Lista 2\Lista 2_07\Lista 2_07.vcxproj", "{A28B3739-4D77-4BF3-B194-8A09104ABF88}"
EndProject
Project("{8BC9CEB8-8B4A-11D0-8D11-00A0C91BC942}") = "Lista 2_08", "Lista 2\Lista 2_08\Lista 2_08.vcxproj", "{B2D5F329-4921-4C0F-966D-A42E55E1F975}"
EndProject
Project("{2150E333-8FDC-42A3-9474-1A3956D46DE8}") = "Lista 3", "Lista 3", "{9477D351-655E-4C3C-99D9-73F3E23E8176}"
EndProject
Project("{8BC9CEB8-8B4A-11D0-8D11-00A0C91BC942}") = "Lista 3_01", "Lista 3\Lista 3_01\Lista 3_01.vcxproj", "{253A77EA-7A23-468E-A98F-3869EAD395C2}"
EndProject
Global
	GlobalSection(SolutionConfigurationPlatforms) = preSolution
		Debug|x64 = Debug|x64
		Debug|x86 = Debug|x86
		Release|x64 = Release|x64
		Release|x86 = Release|x86
	EndGlobalSection
	GlobalSection(ProjectConfigurationPlatforms) = postSolution
		{80F7C0DC-775D-4A86-AB5F-FFF611315EA6}.Debug|x64.ActiveCfg = Debug|x64
		{80F7C0DC-775D-4A86-AB5F-FFF611315EA6}.Debug|x64.Build.0 = Debug|x64
		{80F7C0DC-775D-4A86-AB5F-FFF611315EA6}.Debug|x86.ActiveCfg = Debug|Win32
		{80F7C0DC-775D-4A86-AB5F-FFF611315EA6}.Debug|x86.Build.0 = Debug|Win32
		{80F7C0DC-775D-4A86-AB5F-FFF611315EA6}.Release|x64.ActiveCfg = Release|x64
		{80F7C0DC-775D-4A86-AB5F-FFF611315EA6}.Release|x64.Build.0 = Release|x64
		{80F7C0DC-775D-4A86-AB5F-FFF611315EA6}.Release|x86.ActiveCfg = Release|Win32
		{80F7C0DC-775D-4A86-AB5F-FFF611315EA6}.Release|x86.Build.0 = Release|Win32
		{416AE025-BF73-49C8-8E01-4E086C8A50F3}.Debug|x64.ActiveCfg = Debug|x64
		{416AE025-BF73-49C8-8E01-4E086C8A50F3}.Debug|x64.Build.0 = Debug|x64
		{416AE025-BF73-49C8-8E01-4E086C8A50F3}.Debug|x86.ActiveCfg = Debug|Win32
		{416AE025-BF73-49C8-8E01-4E086C8A50F3}.Debug|x86.Build.0 = Debug|Win32
		{416AE025-BF73-49C8-8E01-4E086C8A50F3}.Release|x64.ActiveCfg = Release|x64
		{416AE025-BF73-49C8-8E01-4E086C8A50F3}.Release|x64.Build.0 = Release|x64
		{416AE025-BF73-49C8-8E01-4E086C8A50F3}.Release|x86.ActiveCfg = Release|Win32
		{416AE025-BF73-49C8-8E01-4E086C8A50F3}.Release|x86.Build.0 = Release|Win32
		{C68BF20B-C322-4E72-B8B8-E70C56A27E45}.Debug|x64.ActiveCfg = Debug|x64
		{C68BF20B-C322-4E72-B8B8-E70C56A27E45}.Debug|x64.Build.0 = Debug|x64
		{C68BF20B-C322-4E72-B8B8-E70C56A27E45}.Debug|x86.ActiveCfg = Debug|Win32
		{C68BF20B-C322-4E72-B8B8-E70C56A27E45}.Debug|x86.Build.0 = Debug|Win32
		{C68BF20B-C322-4E72-B8B8-E70C56A27E45}.Release|x64.ActiveCfg = Release|x64
		{C68BF20B-C322-4E72-B8B8-E70C56A27E45}.Release|x64.Build.0 = Release|x64
		{C68BF20B-C322-4E72-B8B8-E70C56A27E45}.Release|x86.ActiveCfg = Release|Win32
		{C68BF20B-C322-4E72-B8B8-E70C56A27E45}.Release|x86.Build.0 = Release|Win32
		{EAEBC333-4E4E-4EAD-9AA4-15355959750B}.Debug|x64.ActiveCfg = Debug|x64
		{EAEBC333-4E4E-4EAD-9AA4-15355959750B}.Debug|x64.Build.0 = Debug|x64
		{EAEBC333-4E4E-4EAD-9AA4-15355959750B}.Debug|x86.ActiveCfg = Debug|Win32
		{EAEBC333-4E4E-4EAD-9AA4-15355959750B}.Debug|x86.Build.0 = Debug|Win32
		{EAEBC333-4E4E-4EAD-9AA4-15355959750B}.Release|x64.ActiveCfg = Release|x64
		{EAEBC333-4E4E-4EAD-9AA4-15355959750B}.Release|x64.Build.0 = Release|x64
		{EAEBC333-4E4E-4EAD-9AA4-15355959750B}.Release|x86.ActiveCfg = Release|Win32
		{EAEBC333-4E4E-4EAD-9AA4-15355959750B}.Release|x86.Build.0 = Release|Win32
		{A80DB800-BBCE-4805-83CB-9A9E7A98AF62}.Debug|x64.ActiveCfg = Debug|x64
		{A80DB800-BBCE-4805-83CB-9A9E7A98AF62}.Debug|x64.Build.0 = Debug|x64
		{A80DB800-BBCE-4805-83CB-9A9E7A98AF62}.Debug|x86.ActiveCfg = Debug|Win32
		{A80DB800-BBCE-4805-83CB-9A9E7A98AF62}.Debug|x86.Build.0 = Debug|Win32
		{A80DB800-BBCE-4805-83CB-9A9E7A98AF62}.Release|x64.ActiveCfg = Release|x64
		{A80DB800-BBCE-4805-83CB-9A9E7A98AF62}.Release|x64.Build.0 = Release|x64
		{A80DB800-BBCE-4805-83CB-9A9E7A98AF62}.Release|x86.ActiveCfg = Release|Win32
		{A80DB800-BBCE-4805-83CB-9A9E7A98AF62}.Release|x86.Build.0 = Release|Win32
		{B565929F-7BE7-4AB6-9815-FC300BB29287}.Debug|x64.ActiveCfg = Debug|x64
		{B565929F-7BE7-4AB6-9815-FC300BB29287}.Debug|x64.Build.0 = Debug|x64
		{B565929F-7BE7-4AB6-9815-FC300BB29287}.Debug|x86.ActiveCfg = Debug|Win32
		{B565929F-7BE7-4AB6-9815-FC300BB29287}.Debug|x86.Build.0 = Debug|Win32
		{B565929F-7BE7-4AB6-9815-FC300BB29287}.Release|x64.ActiveCfg = Release|x64
		{B565929F-7BE7-4AB6-9815-FC300BB29287}.Release|x64.Build.0 = Release|x64
		{B565929F-7BE7-4AB6-9815-FC300BB29287}.Release|x86.ActiveCfg = Release|Win32
		{B565929F-7BE7-4AB6-9815-FC300BB29287}.Release|x86.Build.0 = Release|Win32
		{3A8E0D27-EB52-411D-A66A-8366C0638191}.Debug|x64.ActiveCfg = Debug|x64
		{3A8E0D27-EB52-411D-A66A-8366C0638191}.Debug|x64.Build.0 = Debug|x64
		{3A8E0D27-EB52-411D-A66A-8366C0638191}.Debug|x86.ActiveCfg = Debug|Win32
		{3A8E0D27-EB52-411D-A66A-8366C0638191}.Debug|x86.Build.0 = Debug|Win32
		{3A8E0D27-EB52-411D-A66A-8366C0638191}.Release|x64.ActiveCfg = Release|x64
		{3A8E0D27-EB52-411D-A66A-8366C0638191}.Release|x64.Build.0 = Release|x64
		{3A8E0D27-EB52-411D-A66A-8366C0638191}.Release|x86.ActiveCfg = Release|Win32
		{3A8E0D27-EB52-411D-A66A-8366C0638191}.Release|x86.Build.0 = Release|Win32
		{A28B3739-4D77-4BF3-B194-8A09104ABF88}.Debug|x64.ActiveCfg = Debug|x64
		{A28B3739-4D77-4BF3-B194-8A09104ABF88}.Debug|x64.Build.0 = Debug|x64
		{A28B3739-4D77-4BF3-B194-8A09104ABF88}.Debug|x86.ActiveCfg = Debug|Win32
		{A28B3739-4D77-4BF3-B194-8A09104ABF88}.Debug|x86.Build.0 = Debug|Win32
		{A28B3739-4D77-4BF3-B194-8A09104ABF88}.Release|x64.ActiveCfg = Release|x64
		{A28B3739-4D77-4BF3-B194-8A09104ABF88}.Release|x64.Build.0 = Release|x64
		{A28B3739-4D77-4BF3-B194-8A09104ABF88}.Release|x86.ActiveCfg = Release|Win32
		{A28B3739-4D77-4BF3-B194-8A09104ABF88}.Release|x86.Build.0 = Release|Win32
		{B2D5F329-4921-4C0F-966D-A42E55E1F975}.Debug|x64.ActiveCfg = Debug|x64
		{B2D5F329-4921-4C0F-966D-A42E55E1F975}.Debug|x64.Build.0 = Debug|x64
		{B2D5F329-4921-4C0F-966D-A42E55E1F975}.Debug|x86.ActiveCfg = Debug|Win32
		{B2D5F329-4921-4C0F-966D-A42E55E1F975}.Debug|x86.Build.0 = Debug|Win32
		{B2D5F329-4921-4C0F-966D-A42E55E1F975}.Release|x64.ActiveCfg = Release|x64
		{B2D5F329-4921-4C0F-966D-A42E55E1F975}.Release|x64.Build.0 = Release|x64
		{B2D5F329-4921-4C0F-966D-A42E55E1F975}.Release|x86.ActiveCfg = Release|Win32
		{B2D5F329-4921-4C0F-966D-A42E55E1F975}.Release|x86.Build.0 = Release|Win32
		{253A77EA-7A23-468E-A98F-3869EAD395C2}.Debug|x64.ActiveCfg = Debug|x64
		{253A77EA-7A23-468E-A98F-3869EAD395C2}.Debug|x64.Build.0 = Debug|x64
		{253A77EA-7A23-468E-A98F-3869EAD395C2}.Debug|x86.ActiveCfg = Debug|Win32
		{253A77EA-7A23-468E-A98F-3869EAD395C2}.Debug|x86.Build.0 = Debug|Win32
		{253A77EA-7A23-468E-A98F-3869EAD395C2}.Release|x64.ActiveCfg = Release|x64
		{253A77EA-7A23-468E-A98F-3869EAD395C2}.Release|x64.Build.0 = Release|x64
		{253A77EA-7A23-468E-A98F-3869EAD395C2}.Release|x86.ActiveCfg = Release|Win32
		{253A77EA-7A23-468E-A98F-3869EAD395C2}.Release|x86.Build.0 = Release|Win32
	EndGlobalSection
	GlobalSection(SolutionProperties) = preSolution
		HideSolutionNode = FALSE
	EndGlobalSection
	GlobalSection(NestedProjects) = preSolution
		{416AE025-BF73-49C8-8E01-4E086C8A50F3} = {818526D2-A9F5-406F-BFD6-48D336B7BFB9}
		{C68BF20B-C322-4E72-B8B8-E70C56A27E45} = {818526D2-A9F5-406F-BFD6-48D336B7BFB9}
		{EAEBC333-4E4E-4EAD-9AA4-15355959750B} = {818526D2-A9F5-406F-BFD6-48D336B7BFB9}
		{A80DB800-BBCE-4805-83CB-9A9E7A98AF62} = {818526D2-A9F5-406F-BFD6-48D336B7BFB9}
		{B565929F-7BE7-4AB6-9815-FC300BB29287} = {818526D2-A9F5-406F-BFD6-48D336B7BFB9}
		{3A8E0D27-EB52-411D-A66A-8366C0638191} = {818526D2-A9F5-406F-BFD6-48D336B7BFB9}
		{A28B3739-4D77-4BF3-B194-8A09104ABF88} = {818526D2-A9F5-406F-BFD6-48D336B7BFB9}
		{B2D5F329-4921-4C0F-966D-A42E55E1F975} = {818526D2-A9F5-406F-BFD6-48D336B7BFB9}
		{253A77EA-7A23-468E-A98F-3869EAD395C2} = {9477D351-655E-4C3C-99D9-73F3E23E8176}
	EndGlobalSection
	GlobalSection(ExtensibilityGlobals) = postSolution
		SolutionGuid = {CDA11842-3B6B-4852-9BFE-7C5BB53BA070}
	EndGlobalSection
EndGlobal
